---
metrics_unit: i/s
results:
  vm1_block:
    2.0.0-p648: 23827984.862
    2.1.10: 27986418.093
    2.2.9: 27475951.188
    2.3.6: 30587143.542
    2.4.3: 32154725.174
    2.5.0: 32667934.727
    2.6.0-preview1: 38126576.787
    2.6.0-preview1,--jit: 28678655.112
    r61465: 33459281.923
    r61469: 34807636.632
    r61470: 33119379.386
    r61471: 33202150.097
    r61472: 33479110.349
    r61473: 33250048.072
    r61474: 33133440.558
    r61475: 33601917.372
    r61476: 31697711.023
    r61477: 33422571.305
    r61478: 33025369.452
    r61479: 33123597.78
    r61480: 32891581.156
    r61481: 33410985.293
    r61482: 32394192.719
    r61483: 31996463.133
    r61484: 33066139.241
    r61485: 32983780.524
    r61486: 32292347.994
    r61487: 32729710.793
    r61488: 30929717.101
    r61489: 32925922.914
    r61490: 30479440.336
    r61491: 33056691.44
    r61492: 29774410.283
    r61493: 32008174.663
    r61494: 32716708.446
    r61495: 25694741.768
    r61497: 32366047.237
    r61498: 32945765.065
    r61499: 32355642.909
    r61500: 32800795.123
    r61501: 32533273.1
    r61502: 31782972.3
    r61503: 29027120.225
    r61504: 32935610.071
    r61505: 32949383.298
    r61506: 31617349.811
    r61507: 32016661.605
    r61508: 32159405.657
    r61509: 32777557.337
    r61510: 32207804.552
    r61521: 32759987.31
    r61532: 33189581.609
    r61543: 32818205.12
    r61554: 32850437.961
    r61576: 33488806.08
    r61592: 32947925.338
    r61603: 32337841.2
    r61614: 32728844.378
    r61625: 34668359.898
    r61639: 35144510.872
    r61650: 35579864.938
    r61663: 36594843.581
    r61674: 37678897.839
    r61685: 34117867.941
    r61696: 36789115.518
    r61707: 37487278.872
    r61718: 37202660.913
    r61729: 37227730.179
    r61740: 36726407.184
    r61751: 37216786.146
    r61762: 37227856.864
    r61773: 37153320.599
    r61784: 35435955.202
    r61795: 37182427.949
    r61806: 36698445.784
    r61817: 35078143.652
    r61828: 36639849.511
    r61839: 38866237.243
    r61850: 37136848.603
    r61862: 32547716.302
    r61873: 37367611.079
    r61889: 35597043.767
    r61900: 37160251.002
    r61911: 35297955.541
    r61922: 37665001.618
    r61933: 35315068.163
    r61944: 36713823.503
    r61956: 36374915.188
    r61967: 37339251.113
    r61978: 34115045.105
    r61989: 35776036.713
    r62000: 36272676.591
    r62011: 36307771.694
    r62022: 36901895.905
    r62034: 37082683.592
    r62045: 37175966.087
    r62056: 36683267.612
    r62067: 37051822.453
    r62078: 37204005.395
    r62089: 36632113.637
    r62102: 36408750.968
    r62113: 35785718.598
    r62145: 34231616.602
    r62157: 36666951.851
    r62168: 36898847.336
    r62183: 34807669.523
    r62195: 35717789.928
    r62206: 37246936.477
    r62206,--jit: 29442005.274
    r62218: 37876859.04
    r62218,--jit: 29068653.854
    r62229: 38264871.48
    r62229,--jit: 28234667.243
    r62242: 37129674.247
    r62242,--jit: 29727074.982
    r62253: 37950478.602
    r62253,--jit: 26421398.65
    r62264: 38126637.009
    r62264,--jit: 29404606.583
    r62275: 36734906.534
    r62286: 38066250.746
    r62286,--jit: 28088717.033
    r62297: 36649611.906
    r62297,--jit: 27876557.408
    r62308: 37411369.708
    r62308,--jit: 26782149.386
    r62319: 37328895.824
    r62319,--jit: 27269379.238
    r62330: 37882910.217
    r62330,--jit: 26473321.483
    r62341: 35223856.208
    r62341,--jit: 28597939.346
    r62352: 37424895.949
    r62352,--jit: 27576308.804
    r62363: 38050716.317
    r62363,--jit: 35034265.298
    r62374: 36696709.207
    r62374,--jit: 27849694.754
    r62385: 37847293.36
    r62385,--jit: 27604095.313
    r62397: 36308475.6
    r62397,--jit: 26894094.945
    r62408: 36912725.779
    r62408,--jit: 29021291.971
    r62419: 36883222.114
    r62419,--jit: 29077970.584
    r62445: 36824130.536
    r62445,--jit: 28605300.682
    r62456: 38081822.018
    r62456,--jit: 28647898.794
    r62468: 38277479.784
    r62468,--jit: 28395287.247
    r62485: 35748262.683
    r62485,--jit: 26507447.174
    r62496: 38077509.458
    r62496,--jit: 27157828.873
    r62512: 32540754.137
    r62512,--jit: 28276005.816
    r62523: 37525647.849
    r62523,--jit: 27862341.232
    r62535: 37666522.253
    r62535,--jit: 28720720.512
    r62549: 38479525.194
    r62549,--jit: 26681464.409
    r62563: 35741619.441
    r62563,--jit: 28439798.883
    r62576: 37734914.976
    r62576,--jit: 28524812.261
    r62589: 38558761.64
    r62589,--jit: 28406080.178
    r62600: 37909795.931
    r62600,--jit: 28470779.591
    r62613: 38417010.271
    r62613,--jit: 27185774.252
    r62624: 38025270.779
    r62624,--jit: 28658228.13
    r62641: 38313194.909
    r62641,--jit: 27532921.285
    r62656: 33988133.578
    r62656,--jit: 34214974.755
    r62670: 37618305.466
    r62670,--jit: 34842956.715
    r62681: 37785506.877
    r62681,--jit: 33875449.219
    r62696: 37900280.494
    r62696,--jit: 38335402.263
    r62707: 39770570.637
    r62707,--jit: 37323899.362
    r62720: 35009227.826
    r62720,--jit: 37986755.453
    r62731: 36989292.728
    r62731,--jit: 37951645.682
    r62742: 38314909.179
    r62742,--jit: 35040290.955
    r62753: 36394827.984
    r62753,--jit: 37519860.942
    r62765: 37262062.123
    r62765,--jit: 37547446.267
    r62776: 37289251.687
    r62776,--jit: 38347873.735
    r62790: 37876892.777
    r62790,--jit: 35480615.265
    r62806: 37817452.779
    r62806,--jit: 34979950.806
    r62841: 37944290.796
    r62841,--jit: 36977350.622
    r62873: 38276476.258
    r62873,--jit: 32084111.437
    r62897: 36272085.187
    r62897,--jit: 38090993.906
    r62913: 37102212.989
    r62913,--jit: 37702085.384
    r62928: 35292741.305
    r62928,--jit: 36061500.663
    r62954: 37749867.538
    r62954,--jit: 37023369.077
    r62965: 37539064.094
    r62965,--jit: 36984476.696
    r63008: 38297281.517
    r63008,--jit: 36792301.09
    r63042: 38656012.825
    r63042,--jit: 35214926.953
    r63054: 38309192.057
    r63054,--jit: 37345886.708
    r63065: 37270004.754
    r63065,--jit: 37321904.39
    r63076: 37869316.118
    r63076,--jit: 37573167.464
    r63087: 38192729.268
    r63087,--jit: 37162341.956
    r63098: 39357744.217
    r63098,--jit: 41188805.398
    r63109: 37337484.956
    r63109,--jit: 41185426.57
    r63120: 37773969.661
    r63120,--jit: 40264661.029
    r63131: 38282010.417
    r63131,--jit: 40689245.972
    r63142: 36739673.1
    r63142,--jit: 40373524.189
    r63153: 38170640.382
    r63153,--jit: 41198187.393
    r63164: 36027467.597
    r63164,--jit: 41439074.327
    r63175: 37658771.255
    r63175,--jit: 38817625.911
    r63186: 38168870.388
    r63186,--jit: 40504566.419
    r63197: 36037731.206
    r63197,--jit: 39984077.595
    r63208: 37757697.908
    r63208,--jit: 40403362.802
    r63212: 36221965.36
    r63212,--jit: 40531689.93
    r63217: 37543750.656
    r63217,--jit: 40190257.217
    r63218: 36386659.876
    r63218,--jit: 35934499.484
    r63219: 36843730.664
    r63219,--jit: 38362372.295
    r63220: 38250383.126
    r63220,--jit: 40960283.439
    r63221: 38261999.591
    r63221,--jit: 41127761.65
    r63222: 36178452.239
    r63222,--jit: 40197325.98
    r63223: 36315810.251
    r63223,--jit: 38765727.436
    r63224: 38201669.876
    r63224,--jit: 40576361.776
    r63225: 37263674.243
    r63225,--jit: 37430942.531
    r63226: 36983472.542
    r63226,--jit: 39697004.57
    r63227: 36482513.808
    r63227,--jit: 39397894.61
    r63228: 38546823.713
    r63228,--jit: 32607302.494
    r63229: 40098212.258
    r63229,--jit: 40012194.853
    r63230: 37971574.171
    r63230,--jit: 38996361.963
    r63231: 37951064.749
    r63231,--jit: 39625845.569
    r63232: 38066043.55
    r63232,--jit: 38821308.536
    r63233: 33116149.592
    r63233,--jit: 38743373.174
    r63234: 38416670.243
    r63234,--jit: 39679660.548
    r63235: 35673646.13
    r63235,--jit: 39133044.124
    r63236: 38481751.74
    r63236,--jit: 36602606.185
    r63237: 38422288.58
    r63237,--jit: 38663087.11
    r63238: 37165080.421
    r63238,--jit: 37766582.008
    r63239: 35564778.408
    r63239,--jit: 36533398.664
    r63240: 35243733.612
    r63240,--jit: 39650160.923
    r63241: 38242630.899
    r63241,--jit: 38053296.45
    r63242: 38238812.251
    r63242,--jit: 36952269.681
    r63243: 37156420.708
    r63243,--jit: 39568317.2
    r63244: 37607569.334
    r63244,--jit: 39314469.549
    r63245: 36443616.714
    r63245,--jit: 39270488.491
    r63246: 38242237.359
    r63246,--jit: 37229290.944
    r63247: 38133399.804
    r63247,--jit: 39664041.478
    r63248: 38167389.307
    r63248,--jit: 38792902.929
    r63249: 35803275.57
    r63249,--jit: 39047861.857
    r63250: 38360350.171
    r63250,--jit: 37956466.716
    r63251: 36746605.401
    r63251,--jit: 40069274.267
    r63252: 38601032.426
    r63252,--jit: 40321105.421
    r63253: 36998401.282
    r63253,--jit: 37078241.768
    r63254: 38565338.375
    r63254,--jit: 39380354.027
    r63265: 38335688.592
    r63265,--jit: 39207180.076
    r63276: 38684341.862
    r63276,--jit: 36284568.097
    r63277: 37226360.944
    r63277,--jit: 35083945.894
    r63285: 36923409.033
    r63285,--jit: 38307275.439
    r63288: 36701050.257
    r63288,--jit: 39881987.542
    r63289: 35667841.878
    r63289,--jit: 37236044.08
    r63290: 37607438.537
    r63290,--jit: 39705359.424
    r63301: 36134606.163
    r63301,--jit: 36373529.107
    r63312: 35835743.055
    r63312,--jit: 38816867.382
    r63313: 30118319.601
    r63313,--jit: 36482349.153
    r63314: 36556322.136
    r63314,--jit: 39592564.611
    r63315: 36332003.117
    r63315,--jit: 36958234.97
    r63316: 37309306.954
    r63316,--jit: 39376226.632
    r63317: 37215718.409
    r63317,--jit: 38189784.163
    r63319: 36326846.646
    r63319,--jit: 39527027.055
    r63320: 38363840.311
    r63320,--jit: 36982205.155
    r63324: 38449706.348
    r63324,--jit: 40194978.644
    r63326: 38621520.586
    r63326,--jit: 38316537.165
    r63327: 37439442.143
    r63327,--jit: 40091764.11
    r63328: 37819565.753
    r63328,--jit: 37646762.186
    r63330: 38292581.482
    r63330,--jit: 35863284.358
descriptions:
  2.0.0-p648: ruby 2.0.0p648 (2015-12-16 revision 53162) [x86_64-linux]
  2.1.10: ruby 2.1.10p492 (2016-04-01 revision 54464) [x86_64-linux]
  2.2.9: ruby 2.2.9p480 (2017-12-15 revision 61259) [x86_64-linux]
  2.3.6: ruby 2.3.6p384 (2017-12-14 revision 61254) [x86_64-linux]
  2.4.3: ruby 2.4.3p205 (2017-12-14 revision 61247) [x86_64-linux]
  2.5.0: ruby 2.5.0p0 (2017-12-25 revision 61468) [x86_64-linux]
  2.6.0-preview1: ruby 2.6.0preview1 (2018-02-24 trunk 62554) [x86_64-linux]
  r61465: ruby 2.5.0dev (2017-12-25 trunk 61465) [x86_64-linux]
  r61469: ruby 2.5.0dev (2017-12-25 trunk 61469) [x86_64-linux]
  r61470: ruby 2.5.0dev (2017-12-25 trunk 61470) [x86_64-linux]
  r61471: ruby 2.5.0dev (2017-12-25 trunk 61471) [x86_64-linux]
  r61472: ruby 2.5.0dev (2017-12-25 trunk 61472) [x86_64-linux]
  r61473: ruby 2.5.0dev (2017-12-25 trunk 61473) [x86_64-linux]
  r61474: ruby 2.6.0dev (2017-12-25 trunk 61474) [x86_64-linux]
  r61475: ruby 2.6.0dev (2017-12-25 trunk 61475) [x86_64-linux]
  r61476: ruby 2.6.0dev (2017-12-25 trunk 61476) [x86_64-linux]
  r61477: ruby 2.6.0dev (2017-12-26 trunk 61477) [x86_64-linux]
  r61478: ruby 2.6.0dev (2017-12-26 trunk 61478) [x86_64-linux]
  r61479: ruby 2.6.0dev (2017-12-26 trunk 61479) [x86_64-linux]
  r61480: ruby 2.6.0dev (2017-12-26 trunk 61480) [x86_64-linux]
  r61481: ruby 2.6.0dev (2017-12-26 trunk 61481) [x86_64-linux]
  r61482: ruby 2.6.0dev (2017-12-26 trunk 61482) [x86_64-linux]
  r61483: ruby 2.6.0dev (2017-12-26 trunk 61483) [x86_64-linux]
  r61484: ruby 2.6.0dev (2017-12-26 trunk 61484) [x86_64-linux]
  r61485: ruby 2.6.0dev (2017-12-26 trunk 61485) [x86_64-linux]
  r61486: ruby 2.6.0dev (2017-12-26 trunk 61486) [x86_64-linux]
  r61487: ruby 2.6.0dev (2017-12-26 trunk 61487) [x86_64-linux]
  r61488: ruby 2.6.0dev (2017-12-26 trunk 61488) [x86_64-linux]
  r61489: ruby 2.6.0dev (2017-12-27 trunk 61489) [x86_64-linux]
  r61490: ruby 2.6.0dev (2017-12-27 trunk 61490) [x86_64-linux]
  r61491: ruby 2.6.0dev (2017-12-27 trunk 61491) [x86_64-linux]
  r61492: ruby 2.6.0dev (2017-12-27 trunk 61492) [x86_64-linux]
  r61493: ruby 2.6.0dev (2017-12-27 trunk 61493) [x86_64-linux]
  r61494: ruby 2.6.0dev (2017-12-27 trunk 61494) [x86_64-linux]
  r61495: ruby 2.6.0dev (2017-12-27 trunk 61495) [x86_64-linux]
  r61497: ruby 2.6.0dev (2017-12-27 trunk 61497) [x86_64-linux]
  r61498: ruby 2.6.0dev (2017-12-27 trunk 61498) [x86_64-linux]
  r61499: ruby 2.6.0dev (2017-12-27 trunk 61499) [x86_64-linux]
  r61500: ruby 2.6.0dev (2017-12-27 trunk 61500) [x86_64-linux]
  r61501: ruby 2.6.0dev (2017-12-27 trunk 61501) [x86_64-linux]
  2.6.0-preview1,--jit: ruby 2.6.0preview1 (2018-02-24 trunk 62554) +JIT [x86_64-linux]
  r61502: ruby 2.6.0dev (2017-12-27 trunk 61502) [x86_64-linux]
  r61503: ruby 2.6.0dev (2017-12-28 trunk 61503) [x86_64-linux]
  r61504: ruby 2.6.0dev (2017-12-28 trunk 61504) [x86_64-linux]
  r61505: ruby 2.6.0dev (2017-12-28 trunk 61505) [x86_64-linux]
  r61506: ruby 2.6.0dev (2017-12-28 trunk 61506) [x86_64-linux]
  r61507: ruby 2.6.0dev (2017-12-28 trunk 61507) [x86_64-linux]
  r61508: ruby 2.6.0dev (2017-12-28 trunk 61508) [x86_64-linux]
  r61509: ruby 2.6.0dev (2017-12-28 trunk 61509) [x86_64-linux]
  r61510: ruby 2.6.0dev (2017-12-28 trunk 61510) [x86_64-linux]
  r61521: ruby 2.6.0dev (2017-12-31 trunk 61521) [x86_64-linux]
  r61532: ruby 2.6.0dev (2018-01-01 trunk 61532) [x86_64-linux]
  r61543: ruby 2.6.0dev (2018-01-02 trunk 61543) [x86_64-linux]
  r61554: ruby 2.6.0dev (2018-01-02 trunk 61554) [x86_64-linux]
  r61576: ruby 2.6.0dev (2018-01-03 trunk 61576) [x86_64-linux]
  r61592: ruby 2.6.0dev (2018-01-04 trunk 61592) [x86_64-linux]
  r61603: ruby 2.6.0dev (2018-01-05 trunk 61603) [x86_64-linux]
  r61614: ruby 2.6.0dev (2018-01-05 trunk 61614) [x86_64-linux]
  r61625: ruby 2.6.0dev (2018-01-06 trunk 61625) [x86_64-linux]
  r61639: ruby 2.6.0dev (2018-01-06 trunk 61639) [x86_64-linux]
  r61650: ruby 2.6.0dev (2018-01-07 trunk 61650) [x86_64-linux]
  r61663: ruby 2.6.0dev (2018-01-08 trunk 61663) [x86_64-linux]
  r61674: ruby 2.6.0dev (2018-01-08 trunk 61674) [x86_64-linux]
  r61685: ruby 2.6.0dev (2018-01-08 trunk 61685) [x86_64-linux]
  r61696: ruby 2.6.0dev (2018-01-09 trunk 61696) [x86_64-linux]
  r61707: ruby 2.6.0dev (2018-01-09 trunk 61707) [x86_64-linux]
  r61718: ruby 2.6.0dev (2018-01-09 trunk 61718) [x86_64-linux]
  r61729: ruby 2.6.0dev (2018-01-09 trunk 61729) [x86_64-linux]
  r61740: ruby 2.6.0dev (2018-01-09 trunk 61740) [x86_64-linux]
  r61751: ruby 2.6.0dev (2018-01-10 trunk 61751) [x86_64-linux]
  r61762: ruby 2.6.0dev (2018-01-10 trunk 61762) [x86_64-linux]
  r61773: ruby 2.6.0dev (2018-01-12 trunk 61773) [x86_64-linux]
  r61784: ruby 2.6.0dev (2018-01-12 trunk 61784) [x86_64-linux]
  r61795: ruby 2.6.0dev (2018-01-12 trunk 61795) [x86_64-linux]
  r61806: ruby 2.6.0dev (2018-01-13 trunk 61806) [x86_64-linux]
  r61817: ruby 2.6.0dev (2018-01-14 trunk 61817) [x86_64-linux]
  r61828: ruby 2.6.0dev (2018-01-15 trunk 61828) [x86_64-linux]
  r61839: ruby 2.6.0dev (2018-01-15 trunk 61839) [x86_64-linux]
  r61850: ruby 2.6.0dev (2018-01-15 trunk 61850) [x86_64-linux]
  r61862: ruby 2.6.0dev (2018-01-16 trunk 61862) [x86_64-linux]
  r61873: ruby 2.6.0dev (2018-01-16 trunk 61873) [x86_64-linux]
  r61889: ruby 2.6.0dev (2018-01-17 trunk 61889) [x86_64-linux]
  r61900: ruby 2.6.0dev (2018-01-18 trunk 61900) [x86_64-linux]
  r61911: ruby 2.6.0dev (2018-01-18 trunk 61911) [x86_64-linux]
  r61922: ruby 2.6.0dev (2018-01-18 trunk 61922) [x86_64-linux]
  r61933: ruby 2.6.0dev (2018-01-18 trunk 61933) [x86_64-linux]
  r61944: ruby 2.6.0dev (2018-01-19 trunk 61944) [x86_64-linux]
  r61956: ruby 2.6.0dev (2018-01-19 trunk 61956) [x86_64-linux]
  r61967: ruby 2.6.0dev (2018-01-20 trunk 61967) [x86_64-linux]
  r61978: ruby 2.6.0dev (2018-01-20 trunk 61978) [x86_64-linux]
  r61989: ruby 2.6.0dev (2018-01-21 trunk 61989) [x86_64-linux]
  r62000: ruby 2.6.0dev (2018-01-21 trunk 62000) [x86_64-linux]
  r62011: ruby 2.6.0dev (2018-01-23 trunk 62011) [x86_64-linux]
  r62022: ruby 2.6.0dev (2018-01-24 trunk 62022) [x86_64-linux]
  r62034: ruby 2.6.0dev (2018-01-25 trunk 62034) [x86_64-linux]
  r62045: ruby 2.6.0dev (2018-01-26 trunk 62045) [x86_64-linux]
  r62056: ruby 2.6.0dev (2018-01-26 trunk 62056) [x86_64-linux]
  r62067: ruby 2.6.0dev (2018-01-27 trunk 62067) [x86_64-linux]
  r62078: ruby 2.6.0dev (2018-01-28 trunk 62078) [x86_64-linux]
  r62089: ruby 2.6.0dev (2018-01-29 trunk 62089) [x86_64-linux]
  r62102: ruby 2.6.0dev (2018-01-30 trunk 62102) [x86_64-linux]
  r62113: ruby 2.6.0dev (2018-01-30 trunk 62113) [x86_64-linux]
  r62145: ruby 2.6.0dev (2018-01-31 trunk 62145) [x86_64-linux]
  r62157: ruby 2.6.0dev (2018-02-02 trunk 62157) [x86_64-linux]
  r62168: ruby 2.6.0dev (2018-02-03 trunk 62168) [x86_64-linux]
  r62183: ruby 2.6.0dev (2018-02-04 trunk 62183) [x86_64-linux]
  r62195: ruby 2.6.0dev (2018-02-04 trunk 62195) [x86_64-linux]
  r62206: ruby 2.6.0dev (2018-02-04 trunk 62206) [x86_64-linux]
  r62206,--jit: ruby 2.6.0dev (2018-02-04 trunk 62206) [x86_64-linux]
  r62218: ruby 2.6.0dev (2018-02-05 trunk 62218) [x86_64-linux]
  r62218,--jit: ruby 2.6.0dev (2018-02-05 trunk 62218) [x86_64-linux]
  r62229: ruby 2.6.0dev (2018-02-05 trunk 62229) [x86_64-linux]
  r62229,--jit: ruby 2.6.0dev (2018-02-05 trunk 62229) [x86_64-linux]
  r62242: ruby 2.6.0dev (2018-02-06 trunk 62242) [x86_64-linux]
  r62242,--jit: ruby 2.6.0dev (2018-02-06 trunk 62242) [x86_64-linux]
  r62253: ruby 2.6.0dev (2018-02-06 trunk 62253) [x86_64-linux]
  r62253,--jit: ruby 2.6.0dev (2018-02-06 trunk 62253) [x86_64-linux]
  r62264: ruby 2.6.0dev (2018-02-07 trunk 62264) [x86_64-linux]
  r62264,--jit: ruby 2.6.0dev (2018-02-07 trunk 62264) [x86_64-linux]
  r62275: ruby 2.6.0dev (2018-02-07 trunk 62275) [x86_64-linux]
  r62286: ruby 2.6.0dev (2018-02-07 trunk 62286) [x86_64-linux]
  r62286,--jit: ruby 2.6.0dev (2018-02-07 trunk 62286) [x86_64-linux]
  r62297: ruby 2.6.0dev (2018-02-08 trunk 62297) [x86_64-linux]
  r62297,--jit: ruby 2.6.0dev (2018-02-08 trunk 62297) [x86_64-linux]
  r62308: ruby 2.6.0dev (2018-02-08 trunk 62308) [x86_64-linux]
  r62308,--jit: ruby 2.6.0dev (2018-02-08 trunk 62308) [x86_64-linux]
  r62319: ruby 2.6.0dev (2018-02-09 trunk 62319) [x86_64-linux]
  r62319,--jit: ruby 2.6.0dev (2018-02-09 trunk 62319) [x86_64-linux]
  r62330: ruby 2.6.0dev (2018-02-09 trunk 62330) [x86_64-linux]
  r62330,--jit: ruby 2.6.0dev (2018-02-09 trunk 62330) [x86_64-linux]
  r62341: ruby 2.6.0dev (2018-02-10 trunk 62341) [x86_64-linux]
  r62341,--jit: ruby 2.6.0dev (2018-02-10 trunk 62341) [x86_64-linux]
  r62352: ruby 2.6.0dev (2018-02-11 trunk 62352) [x86_64-linux]
  r62352,--jit: ruby 2.6.0dev (2018-02-11 trunk 62352) [x86_64-linux]
  r62363: ruby 2.6.0dev (2018-02-11 trunk 62363) [x86_64-linux]
  r62363,--jit: ruby 2.6.0dev (2018-02-11 trunk 62363) [x86_64-linux]
  r62374: ruby 2.6.0dev (2018-02-11 trunk 62374) [x86_64-linux]
  r62374,--jit: ruby 2.6.0dev (2018-02-11 trunk 62374) [x86_64-linux]
  r62385: ruby 2.6.0dev (2018-02-12 trunk 62385) [x86_64-linux]
  r62385,--jit: ruby 2.6.0dev (2018-02-12 trunk 62385) [x86_64-linux]
  r62397: ruby 2.6.0dev (2018-02-13 trunk 62397) [x86_64-linux]
  r62397,--jit: ruby 2.6.0dev (2018-02-13 trunk 62397) [x86_64-linux]
  r62408: ruby 2.6.0dev (2018-02-15 trunk 62408) [x86_64-linux]
  r62408,--jit: ruby 2.6.0dev (2018-02-15 trunk 62408) [x86_64-linux]
  r62419: ruby 2.6.0dev (2018-02-16 trunk 62419) [x86_64-linux]
  r62419,--jit: ruby 2.6.0dev (2018-02-16 trunk 62419) [x86_64-linux]
  r62445: ruby 2.6.0dev (2018-02-17 trunk 62445) [x86_64-linux]
  r62445,--jit: ruby 2.6.0dev (2018-02-17 trunk 62445) [x86_64-linux]
  r62456: ruby 2.6.0dev (2018-02-18 trunk 62456) [x86_64-linux]
  r62456,--jit: ruby 2.6.0dev (2018-02-18 trunk 62456) [x86_64-linux]
  r62468: ruby 2.6.0dev (2018-02-18 trunk 62468) [x86_64-linux]
  r62468,--jit: ruby 2.6.0dev (2018-02-18 trunk 62468) [x86_64-linux]
  r62485: ruby 2.6.0dev (2018-02-19 trunk 62485) [x86_64-linux]
  r62485,--jit: ruby 2.6.0dev (2018-02-19 trunk 62485) [x86_64-linux]
  r62496: ruby 2.6.0dev (2018-02-20 trunk 62496) [x86_64-linux]
  r62496,--jit: ruby 2.6.0dev (2018-02-20 trunk 62496) [x86_64-linux]
  r62512: ruby 2.6.0dev (2018-02-21 trunk 62512) [x86_64-linux]
  r62512,--jit: ruby 2.6.0dev (2018-02-21 trunk 62512) [x86_64-linux]
  r62523: ruby 2.6.0dev (2018-02-22 trunk 62523) [x86_64-linux]
  r62523,--jit: ruby 2.6.0dev (2018-02-22 trunk 62523) [x86_64-linux]
  r62535: ruby 2.6.0dev (2018-02-23 trunk 62535) [x86_64-linux]
  r62535,--jit: ruby 2.6.0dev (2018-02-23 trunk 62535) +JIT [x86_64-linux]
  r62549: ruby 2.6.0dev (2018-02-23 trunk 62549) [x86_64-linux]
  r62549,--jit: ruby 2.6.0dev (2018-02-23 trunk 62549) +JIT [x86_64-linux]
  r62563: ruby 2.6.0dev (2018-02-24 trunk 62563) [x86_64-linux]
  r62563,--jit: ruby 2.6.0dev (2018-02-24 trunk 62563) +JIT [x86_64-linux]
  r62576: ruby 2.6.0dev (2018-02-25 trunk 62576) [x86_64-linux]
  r62576,--jit: ruby 2.6.0dev (2018-02-25 trunk 62576) +JIT [x86_64-linux]
  r62589: ruby 2.6.0dev (2018-02-26 trunk 62589) [x86_64-linux]
  r62589,--jit: ruby 2.6.0dev (2018-02-26 trunk 62589) +JIT [x86_64-linux]
  r62600: ruby 2.6.0dev (2018-02-28 trunk 62600) [x86_64-linux]
  r62600,--jit: ruby 2.6.0dev (2018-02-28 trunk 62600) +JIT [x86_64-linux]
  r62613: ruby 2.6.0dev (2018-02-28 trunk 62613) [x86_64-linux]
  r62613,--jit: ruby 2.6.0dev (2018-02-28 trunk 62613) +JIT [x86_64-linux]
  r62624: ruby 2.6.0dev (2018-03-02 trunk 62624) [x86_64-linux]
  r62624,--jit: ruby 2.6.0dev (2018-03-02 trunk 62624) +JIT [x86_64-linux]
  r62641: ruby 2.6.0dev (2018-03-02 trunk 62641) [x86_64-linux]
  r62641,--jit: ruby 2.6.0dev (2018-03-02 trunk 62641) +JIT [x86_64-linux]
  r62656: ruby 2.6.0dev (2018-03-04 trunk 62656) [x86_64-linux]
  r62656,--jit: ruby 2.6.0dev (2018-03-04 trunk 62656) +JIT [x86_64-linux]
  r62670: ruby 2.6.0dev (2018-03-06 trunk 62670) [x86_64-linux]
  r62670,--jit: ruby 2.6.0dev (2018-03-06 trunk 62670) +JIT [x86_64-linux]
  r62681: ruby 2.6.0dev (2018-03-07 trunk 62681) [x86_64-linux]
  r62681,--jit: ruby 2.6.0dev (2018-03-07 trunk 62681) +JIT [x86_64-linux]
  r62696: ruby 2.6.0dev (2018-03-08 trunk 62696) [x86_64-linux]
  r62696,--jit: ruby 2.6.0dev (2018-03-08 trunk 62696) +JIT [x86_64-linux]
  r62707: ruby 2.6.0dev (2018-03-10 trunk 62707) [x86_64-linux]
  r62707,--jit: ruby 2.6.0dev (2018-03-10 trunk 62707) +JIT [x86_64-linux]
  r62720: ruby 2.6.0dev (2018-03-11 trunk 62720) [x86_64-linux]
  r62720,--jit: ruby 2.6.0dev (2018-03-11 trunk 62720) +JIT [x86_64-linux]
  r62731: ruby 2.6.0dev (2018-03-13 trunk 62731) [x86_64-linux]
  r62731,--jit: ruby 2.6.0dev (2018-03-13 trunk 62731) +JIT [x86_64-linux]
  r62742: ruby 2.6.0dev (2018-03-13 trunk 62742) [x86_64-linux]
  r62742,--jit: ruby 2.6.0dev (2018-03-13 trunk 62742) +JIT [x86_64-linux]
  r62753: ruby 2.6.0dev (2018-03-15 trunk 62753) [x86_64-linux]
  r62753,--jit: ruby 2.6.0dev (2018-03-15 trunk 62753) +JIT [x86_64-linux]
  r62765: ruby 2.6.0dev (2018-03-15 trunk 62765) [x86_64-linux]
  r62765,--jit: ruby 2.6.0dev (2018-03-15 trunk 62765) +JIT [x86_64-linux]
  r62776: ruby 2.6.0dev (2018-03-16 trunk 62776) [x86_64-linux]
  r62776,--jit: ruby 2.6.0dev (2018-03-16 trunk 62776) +JIT [x86_64-linux]
  r62790: ruby 2.6.0dev (2018-03-17 trunk 62790) [x86_64-linux]
  r62790,--jit: ruby 2.6.0dev (2018-03-17 trunk 62790) +JIT [x86_64-linux]
  r62806: ruby 2.6.0dev (2018-03-18 trunk 62806) [x86_64-linux]
  r62806,--jit: ruby 2.6.0dev (2018-03-18 trunk 62806) +JIT [x86_64-linux]
  r62841: ruby 2.6.0dev (2018-03-19 trunk 62841) [x86_64-linux]
  r62841,--jit: ruby 2.6.0dev (2018-03-19 trunk 62841) +JIT [x86_64-linux]
  r62873: ruby 2.6.0dev (2018-03-21 trunk 62873) [x86_64-linux]
  r62873,--jit: ruby 2.6.0dev (2018-03-21 trunk 62873) +JIT [x86_64-linux]
  r62897: ruby 2.6.0dev (2018-03-22 trunk 62897) [x86_64-linux]
  r62897,--jit: ruby 2.6.0dev (2018-03-22 trunk 62897) +JIT [x86_64-linux]
  r62913: ruby 2.6.0dev (2018-03-25 trunk 62913) [x86_64-linux]
  r62913,--jit: ruby 2.6.0dev (2018-03-25 trunk 62913) +JIT [x86_64-linux]
  r62928: ruby 2.6.0dev (2018-03-27 trunk 62928) [x86_64-linux]
  r62928,--jit: ruby 2.6.0dev (2018-03-27 trunk 62928) +JIT [x86_64-linux]
  r62954: ruby 2.6.0dev (2018-03-28 trunk 62954) [x86_64-linux]
  r62954,--jit: ruby 2.6.0dev (2018-03-28 trunk 62954) +JIT [x86_64-linux]
  r62965: ruby 2.6.0dev (2018-03-28 trunk 62965) [x86_64-linux]
  r62965,--jit: ruby 2.6.0dev (2018-03-28 trunk 62965) +JIT [x86_64-linux]
  r63008: ruby 2.6.0dev (2018-03-28 trunk 63008) [x86_64-linux]
  r63008,--jit: ruby 2.6.0dev (2018-03-28 trunk 63008) +JIT [x86_64-linux]
  r63042: ruby 2.6.0dev (2018-03-30 trunk 63042) [x86_64-linux]
  r63042,--jit: ruby 2.6.0dev (2018-03-30 trunk 63042) +JIT [x86_64-linux]
  r63054: ruby 2.6.0dev (2018-04-01 trunk 63054) [x86_64-linux]
  r63054,--jit: ruby 2.6.0dev (2018-04-01 trunk 63054) +JIT [x86_64-linux]
  r63065: ruby 2.6.0dev (2018-04-03 trunk 63065) [x86_64-linux]
  r63065,--jit: ruby 2.6.0dev (2018-04-03 trunk 63065) +JIT [x86_64-linux]
  r63076: ruby 2.6.0dev (2018-04-03 trunk 63076) [x86_64-linux]
  r63076,--jit: ruby 2.6.0dev (2018-04-03 trunk 63076) +JIT [x86_64-linux]
  r63087: ruby 2.6.0dev (2018-04-04 trunk 63087) [x86_64-linux]
  r63087,--jit: ruby 2.6.0dev (2018-04-04 trunk 63087) +JIT [x86_64-linux]
  r63098: ruby 2.6.0dev (2018-04-05 trunk 63098) [x86_64-linux]
  r63098,--jit: ruby 2.6.0dev (2018-04-05 trunk 63098) +JIT [x86_64-linux]
  r63109: ruby 2.6.0dev (2018-04-07 trunk 63109) [x86_64-linux]
  r63109,--jit: ruby 2.6.0dev (2018-04-07 trunk 63109) +JIT [x86_64-linux]
  r63120: ruby 2.6.0dev (2018-04-08 trunk 63120) [x86_64-linux]
  r63120,--jit: ruby 2.6.0dev (2018-04-08 trunk 63120) +JIT [x86_64-linux]
  r63131: ruby 2.6.0dev (2018-04-10 trunk 63131) [x86_64-linux]
  r63131,--jit: ruby 2.6.0dev (2018-04-10 trunk 63131) +JIT [x86_64-linux]
  r63142: ruby 2.6.0dev (2018-04-13 trunk 63142) [x86_64-linux]
  r63142,--jit: ruby 2.6.0dev (2018-04-13 trunk 63142) +JIT [x86_64-linux]
  r63153: ruby 2.6.0dev (2018-04-15 trunk 63153) [x86_64-linux]
  r63153,--jit: ruby 2.6.0dev (2018-04-15 trunk 63153) +JIT [x86_64-linux]
  r63164: ruby 2.6.0dev (2018-04-16 trunk 63164) [x86_64-linux]
  r63164,--jit: ruby 2.6.0dev (2018-04-16 trunk 63164) +JIT [x86_64-linux]
  r63175: ruby 2.6.0dev (2018-04-17 trunk 63175) [x86_64-linux]
  r63175,--jit: ruby 2.6.0dev (2018-04-17 trunk 63175) +JIT [x86_64-linux]
  r63186: ruby 2.6.0dev (2018-04-18 trunk 63186) [x86_64-linux]
  r63186,--jit: ruby 2.6.0dev (2018-04-18 trunk 63186) +JIT [x86_64-linux]
  r63197: ruby 2.6.0dev (2018-04-20 trunk 63197) [x86_64-linux]
  r63197,--jit: ruby 2.6.0dev (2018-04-20 trunk 63197) +JIT [x86_64-linux]
  r63208: ruby 2.6.0dev (2018-04-20 trunk 63208) [x86_64-linux]
  r63208,--jit: ruby 2.6.0dev (2018-04-20 trunk 63208) +JIT [x86_64-linux]
  r63212: ruby 2.6.0dev (2018-04-20 trunk 63212) [x86_64-linux]
  r63212,--jit: ruby 2.6.0dev (2018-04-20 trunk 63212) +JIT [x86_64-linux]
  r63220: ruby 2.6.0dev (2018-04-21 trunk 63220) [x86_64-linux]
  r63220,--jit: ruby 2.6.0dev (2018-04-21 trunk 63220) +JIT [x86_64-linux]
  r63224: ruby 2.6.0dev (2018-04-21 trunk 63224) [x86_64-linux]
  r63224,--jit: ruby 2.6.0dev (2018-04-21 trunk 63224) +JIT [x86_64-linux]
  r63226: ruby 2.6.0dev (2018-04-21 trunk 63226) [x86_64-linux]
  r63226,--jit: ruby 2.6.0dev (2018-04-21 trunk 63226) +JIT [x86_64-linux]
  r63227: ruby 2.6.0dev (2018-04-21 trunk 63227) [x86_64-linux]
  r63227,--jit: ruby 2.6.0dev (2018-04-21 trunk 63227) +JIT [x86_64-linux]
  r63225: ruby 2.6.0dev (2018-04-21 trunk 63225) [x86_64-linux]
  r63225,--jit: ruby 2.6.0dev (2018-04-21 trunk 63225) +JIT [x86_64-linux]
  r63223: ruby 2.6.0dev (2018-04-21 trunk 63223) [x86_64-linux]
  r63223,--jit: ruby 2.6.0dev (2018-04-21 trunk 63223) +JIT [x86_64-linux]
  r63229: ruby 2.6.0dev (2018-04-22 trunk 63229) [x86_64-linux]
  r63229,--jit: ruby 2.6.0dev (2018-04-22 trunk 63229) +JIT [x86_64-linux]
  r63232: ruby 2.6.0dev (2018-04-22 trunk 63232) [x86_64-linux]
  r63232,--jit: ruby 2.6.0dev (2018-04-22 trunk 63232) +JIT [x86_64-linux]
  r63234: ruby 2.6.0dev (2018-04-22 trunk 63234) [x86_64-linux]
  r63234,--jit: ruby 2.6.0dev (2018-04-22 trunk 63234) +JIT [x86_64-linux]
  r63235: ruby 2.6.0dev (2018-04-22 trunk 63235) [x86_64-linux]
  r63235,--jit: ruby 2.6.0dev (2018-04-22 trunk 63235) +JIT [x86_64-linux]
  r63236: ruby 2.6.0dev (2018-04-22 trunk 63236) [x86_64-linux]
  r63236,--jit: ruby 2.6.0dev (2018-04-22 trunk 63236) +JIT [x86_64-linux]
  r63237: ruby 2.6.0dev (2018-04-22 trunk 63237) [x86_64-linux]
  r63237,--jit: ruby 2.6.0dev (2018-04-22 trunk 63237) +JIT [x86_64-linux]
  r63238: ruby 2.6.0dev (2018-04-22 trunk 63238) [x86_64-linux]
  r63238,--jit: ruby 2.6.0dev (2018-04-22 trunk 63238) +JIT [x86_64-linux]
  r63240: ruby 2.6.0dev (2018-04-23 trunk 63240) [x86_64-linux]
  r63240,--jit: ruby 2.6.0dev (2018-04-23 trunk 63240) +JIT [x86_64-linux]
  r63241: ruby 2.6.0dev (2018-04-23 trunk 63241) [x86_64-linux]
  r63241,--jit: ruby 2.6.0dev (2018-04-23 trunk 63241) +JIT [x86_64-linux]
  r63243: ruby 2.6.0dev (2018-04-23 trunk 63243) [x86_64-linux]
  r63243,--jit: ruby 2.6.0dev (2018-04-23 trunk 63243) +JIT [x86_64-linux]
  r63242: ruby 2.6.0dev (2018-04-23 trunk 63242) [x86_64-linux]
  r63242,--jit: ruby 2.6.0dev (2018-04-23 trunk 63242) +JIT [x86_64-linux]
  r63244: ruby 2.6.0dev (2018-04-23 trunk 63244) [x86_64-linux]
  r63244,--jit: ruby 2.6.0dev (2018-04-23 trunk 63244) +JIT [x86_64-linux]
  r63239: ruby 2.6.0dev (2018-04-22 trunk 63239) [x86_64-linux]
  r63239,--jit: ruby 2.6.0dev (2018-04-22 trunk 63239) +JIT [x86_64-linux]
  r63245: ruby 2.6.0dev (2018-04-23 trunk 63245) [x86_64-linux]
  r63245,--jit: ruby 2.6.0dev (2018-04-23 trunk 63245) +JIT [x86_64-linux]
  r63246: ruby 2.6.0dev (2018-04-23 trunk 63246) [x86_64-linux]
  r63246,--jit: ruby 2.6.0dev (2018-04-23 trunk 63246) +JIT [x86_64-linux]
  r63248: ruby 2.6.0dev (2018-04-23 trunk 63248) [x86_64-linux]
  r63248,--jit: ruby 2.6.0dev (2018-04-23 trunk 63248) +JIT [x86_64-linux]
  r63247: ruby 2.6.0dev (2018-04-23 trunk 63247) [x86_64-linux]
  r63247,--jit: ruby 2.6.0dev (2018-04-23 trunk 63247) +JIT [x86_64-linux]
  r63250: ruby 2.6.0dev (2018-04-24 trunk 63250) [x86_64-linux]
  r63250,--jit: ruby 2.6.0dev (2018-04-24 trunk 63250) +JIT [x86_64-linux]
  r63249: ruby 2.6.0dev (2018-04-23 trunk 63249) [x86_64-linux]
  r63249,--jit: ruby 2.6.0dev (2018-04-23 trunk 63249) +JIT [x86_64-linux]
  r63233: ruby 2.6.0dev (2018-04-22 trunk 63233) [x86_64-linux]
  r63233,--jit: ruby 2.6.0dev (2018-04-22 trunk 63233) +JIT [x86_64-linux]
  r63251: ruby 2.6.0dev (2018-04-24 trunk 63251) [x86_64-linux]
  r63251,--jit: ruby 2.6.0dev (2018-04-24 trunk 63251) +JIT [x86_64-linux]
  r63231: ruby 2.6.0dev (2018-04-22 trunk 63231) [x86_64-linux]
  r63231,--jit: ruby 2.6.0dev (2018-04-22 trunk 63231) +JIT [x86_64-linux]
  r63230: ruby 2.6.0dev (2018-04-22 trunk 63230) [x86_64-linux]
  r63230,--jit: ruby 2.6.0dev (2018-04-22 trunk 63230) +JIT [x86_64-linux]
  r63228: ruby 2.6.0dev (2018-04-21 trunk 63228) [x86_64-linux]
  r63228,--jit: ruby 2.6.0dev (2018-04-21 trunk 63228) +JIT [x86_64-linux]
  r63252: ruby 2.6.0dev (2018-04-24 trunk 63252) [x86_64-linux]
  r63252,--jit: ruby 2.6.0dev (2018-04-24 trunk 63252) +JIT [x86_64-linux]
  r63222: ruby 2.6.0dev (2018-04-21 trunk 63222) [x86_64-linux]
  r63222,--jit: ruby 2.6.0dev (2018-04-21 trunk 63222) +JIT [x86_64-linux]
  r63221: ruby 2.6.0dev (2018-04-21 trunk 63221) [x86_64-linux]
  r63221,--jit: ruby 2.6.0dev (2018-04-21 trunk 63221) +JIT [x86_64-linux]
  r63219: ruby 2.6.0dev (2018-04-21 trunk 63219) [x86_64-linux]
  r63219,--jit: ruby 2.6.0dev (2018-04-21 trunk 63219) +JIT [x86_64-linux]
  r63254: ruby 2.6.0dev (2018-04-25 trunk 63254) [x86_64-linux]
  r63254,--jit: ruby 2.6.0dev (2018-04-25 trunk 63254) +JIT [x86_64-linux]
  r63253: ruby 2.6.0dev (2018-04-24 trunk 63253) [x86_64-linux]
  r63253,--jit: ruby 2.6.0dev (2018-04-24 trunk 63253) +JIT [x86_64-linux]
  r63218: ruby 2.6.0dev (2018-04-21 trunk 63218) [x86_64-linux]
  r63218,--jit: ruby 2.6.0dev (2018-04-21 trunk 63218) +JIT [x86_64-linux]
  r63217: ruby 2.6.0dev (2018-04-21 trunk 63217) [x86_64-linux]
  r63217,--jit: ruby 2.6.0dev (2018-04-21 trunk 63217) +JIT [x86_64-linux]
  r63265: ruby 2.6.0dev (2018-04-26 trunk 63265) [x86_64-linux]
  r63265,--jit: ruby 2.6.0dev (2018-04-26 trunk 63265) +JIT [x86_64-linux]
  r63276: ruby 2.6.0dev (2018-04-27 trunk 63276) [x86_64-linux]
  r63276,--jit: ruby 2.6.0dev (2018-04-27 trunk 63276) +JIT [x86_64-linux]
  r63277: ruby 2.6.0dev (2018-04-28 trunk 63277) [x86_64-linux]
  r63277,--jit: ruby 2.6.0dev (2018-04-28 trunk 63277) +JIT [x86_64-linux]
  r63285: ruby 2.6.0dev (2018-04-28 trunk 63285) [x86_64-linux]
  r63285,--jit: ruby 2.6.0dev (2018-04-28 trunk 63285) +JIT [x86_64-linux]
  r63290: ruby 2.6.0dev (2018-04-28 trunk 63290) [x86_64-linux]
  r63290,--jit: ruby 2.6.0dev (2018-04-28 trunk 63290) +JIT [x86_64-linux]
  r63289: ruby 2.6.0dev (2018-04-28 trunk 63289) [x86_64-linux]
  r63289,--jit: ruby 2.6.0dev (2018-04-28 trunk 63289) +JIT [x86_64-linux]
  r63288: ruby 2.6.0dev (2018-04-28 trunk 63288) [x86_64-linux]
  r63288,--jit: ruby 2.6.0dev (2018-04-28 trunk 63288) +JIT [x86_64-linux]
  r63301: ruby 2.6.0dev (2018-04-29 trunk 63301) [x86_64-linux]
  r63301,--jit: ruby 2.6.0dev (2018-04-29 trunk 63301) +JIT [x86_64-linux]
  r63312: ruby 2.6.0dev (2018-05-01 trunk 63312) [x86_64-linux]
  r63312,--jit: ruby 2.6.0dev (2018-05-01 trunk 63312) +JIT [x86_64-linux]
  r63316: ruby 2.6.0dev (2018-05-02 trunk 63316) [x86_64-linux]
  r63316,--jit: ruby 2.6.0dev (2018-05-02 trunk 63316) +JIT [x86_64-linux]
  r63315: ruby 2.6.0dev (2018-05-01 trunk 63315) [x86_64-linux]
  r63315,--jit: ruby 2.6.0dev (2018-05-01 trunk 63315) +JIT [x86_64-linux]
  r63319: ruby 2.6.0dev (2018-05-02 trunk 63319) [x86_64-linux]
  r63319,--jit: ruby 2.6.0dev (2018-05-02 trunk 63319) +JIT [x86_64-linux]
  r63317: ruby 2.6.0dev (2018-05-02 trunk 63317) [x86_64-linux]
  r63317,--jit: ruby 2.6.0dev (2018-05-02 trunk 63317) +JIT [x86_64-linux]
  r63314: ruby 2.6.0dev (2018-05-01 trunk 63314) [x86_64-linux]
  r63314,--jit: ruby 2.6.0dev (2018-05-01 trunk 63314) +JIT [x86_64-linux]
  r63313: ruby 2.6.0dev (2018-05-01 trunk 63313) [x86_64-linux]
  r63313,--jit: ruby 2.6.0dev (2018-05-01 trunk 63313) +JIT [x86_64-linux]
  r63320: ruby 2.6.0dev (2018-05-02 trunk 63320) [x86_64-linux]
  r63320,--jit: ruby 2.6.0dev (2018-05-02 trunk 63320) +JIT [x86_64-linux]
  r63324: ruby 2.6.0dev (2018-05-03 trunk 63324) [x86_64-linux]
  r63324,--jit: ruby 2.6.0dev (2018-05-03 trunk 63324) +JIT [x86_64-linux]
  r63327: ruby 2.6.0dev (2018-05-03 trunk 63327) [x86_64-linux]
  r63327,--jit: ruby 2.6.0dev (2018-05-03 trunk 63327) +JIT [x86_64-linux]
  r63326: ruby 2.6.0dev (2018-05-03 trunk 63326) [x86_64-linux]
  r63326,--jit: ruby 2.6.0dev (2018-05-03 trunk 63326) +JIT [x86_64-linux]
  r63328: ruby 2.6.0dev (2018-05-03 trunk 63328) [x86_64-linux]
  r63328,--jit: ruby 2.6.0dev (2018-05-03 trunk 63328) +JIT [x86_64-linux]
  r63330: ruby 2.6.0dev (2018-05-03 trunk 63330) [x86_64-linux]
  r63330,--jit: ruby 2.6.0dev (2018-05-03 trunk 63330) +JIT [x86_64-linux]
